// !$*UTF8*$!
{
	archiveVersion = 1;
	classes = {
	};
	objectVersion = 55;
	objects = {

/* Begin PBXBuildFile section */
		1810BC2B28A760FD00AF1221 /* NewsDescriptionVC.swift in Sources */ = {isa = PBXBuildFile; fileRef = 1810BC2A28A760FD00AF1221 /* NewsDescriptionVC.swift */; };
		18289EDB28A6B33B005DE0F0 /* NewsModel.swift in Sources */ = {isa = PBXBuildFile; fileRef = 18289EDA28A6B33B005DE0F0 /* NewsModel.swift */; };
		18F681D728A9424C00E15E67 /* GoogleService-Info.plist in Resources */ = {isa = PBXBuildFile; fileRef = 18F681D628A9424C00E15E67 /* GoogleService-Info.plist */; };
		18F681DA28A9431400E15E67 /* FirebaseAnalytics in Frameworks */ = {isa = PBXBuildFile; productRef = 18F681D928A9431400E15E67 /* FirebaseAnalytics */; };
		18F681DC28A9431400E15E67 /* FirebaseAuth in Frameworks */ = {isa = PBXBuildFile; productRef = 18F681DB28A9431400E15E67 /* FirebaseAuth */; };
		18F681E228A9625A00E15E67 /* LoginVC.swift in Sources */ = {isa = PBXBuildFile; fileRef = 18F681E128A9625A00E15E67 /* LoginVC.swift */; };
		18F681E428A99F0100E15E67 /* ProfileScreenVC.swift in Sources */ = {isa = PBXBuildFile; fileRef = 18F681E328A99F0100E15E67 /* ProfileScreenVC.swift */; };
		CF02EC7F28A043EF00B9BB94 /* AppDelegate.swift in Sources */ = {isa = PBXBuildFile; fileRef = CF02EC7E28A043EF00B9BB94 /* AppDelegate.swift */; };
		CF02EC8128A043EF00B9BB94 /* SceneDelegate.swift in Sources */ = {isa = PBXBuildFile; fileRef = CF02EC8028A043EF00B9BB94 /* SceneDelegate.swift */; };
		CF02EC8628A043EF00B9BB94 /* Main.storyboard in Resources */ = {isa = PBXBuildFile; fileRef = CF02EC8428A043EF00B9BB94 /* Main.storyboard */; };
		CF02EC8828A043F000B9BB94 /* Assets.xcassets in Resources */ = {isa = PBXBuildFile; fileRef = CF02EC8728A043F000B9BB94 /* Assets.xcassets */; };
		CF02EC8B28A043F000B9BB94 /* LaunchScreen.storyboard in Resources */ = {isa = PBXBuildFile; fileRef = CF02EC8928A043F000B9BB94 /* LaunchScreen.storyboard */; };
		CF33D3C928A5CC26003B3287 /* RegisterScreen.swift in Sources */ = {isa = PBXBuildFile; fileRef = CF33D3C828A5CC26003B3287 /* RegisterScreen.swift */; };
		CF66D71628A58C9B008F0F7E /* TopNewsFeedVC.swift in Sources */ = {isa = PBXBuildFile; fileRef = CF66D71528A58C9B008F0F7E /* TopNewsFeedVC.swift */; };
		CF66D71928A58D2C008F0F7E /* Cell.xib in Resources */ = {isa = PBXBuildFile; fileRef = CF66D71828A58D2C008F0F7E /* Cell.xib */; };
		CF66D71B28A59074008F0F7E /* CellTableViewCell.swift in Sources */ = {isa = PBXBuildFile; fileRef = CF66D71A28A59074008F0F7E /* CellTableViewCell.swift */; };
/* End PBXBuildFile section */

/* Begin PBXFileReference section */
		1810BC2A28A760FD00AF1221 /* NewsDescriptionVC.swift */ = {isa = PBXFileReference; lastKnownFileType = sourcecode.swift; path = NewsDescriptionVC.swift; sourceTree = "<group>"; };
		18289EDA28A6B33B005DE0F0 /* NewsModel.swift */ = {isa = PBXFileReference; lastKnownFileType = sourcecode.swift; path = NewsModel.swift; sourceTree = "<group>"; };
		18F681D628A9424C00E15E67 /* GoogleService-Info.plist */ = {isa = PBXFileReference; fileEncoding = 4; lastKnownFileType = text.plist.xml; path = "GoogleService-Info.plist"; sourceTree = "<group>"; };
		18F681E128A9625A00E15E67 /* LoginVC.swift */ = {isa = PBXFileReference; lastKnownFileType = sourcecode.swift; path = LoginVC.swift; sourceTree = "<group>"; };
		18F681E328A99F0100E15E67 /* ProfileScreenVC.swift */ = {isa = PBXFileReference; lastKnownFileType = sourcecode.swift; path = ProfileScreenVC.swift; sourceTree = "<group>"; };
		CF02EC7B28A043EF00B9BB94 /* ProjectPart-2.app */ = {isa = PBXFileReference; explicitFileType = wrapper.application; includeInIndex = 0; path = "ProjectPart-2.app"; sourceTree = BUILT_PRODUCTS_DIR; };
		CF02EC7E28A043EF00B9BB94 /* AppDelegate.swift */ = {isa = PBXFileReference; lastKnownFileType = sourcecode.swift; path = AppDelegate.swift; sourceTree = "<group>"; };
		CF02EC8028A043EF00B9BB94 /* SceneDelegate.swift */ = {isa = PBXFileReference; lastKnownFileType = sourcecode.swift; path = SceneDelegate.swift; sourceTree = "<group>"; };
		CF02EC8528A043EF00B9BB94 /* Base */ = {isa = PBXFileReference; lastKnownFileType = file.storyboard; name = Base; path = Base.lproj/Main.storyboard; sourceTree = "<group>"; };
		CF02EC8728A043F000B9BB94 /* Assets.xcassets */ = {isa = PBXFileReference; lastKnownFileType = folder.assetcatalog; path = Assets.xcassets; sourceTree = "<group>"; };
		CF02EC8A28A043F000B9BB94 /* Base */ = {isa = PBXFileReference; lastKnownFileType = file.storyboard; name = Base; path = Base.lproj/LaunchScreen.storyboard; sourceTree = "<group>"; };
		CF02EC8C28A043F000B9BB94 /* Info.plist */ = {isa = PBXFileReference; lastKnownFileType = text.plist.xml; path = Info.plist; sourceTree = "<group>"; };
		CF33D3C828A5CC26003B3287 /* RegisterScreen.swift */ = {isa = PBXFileReference; lastKnownFileType = sourcecode.swift; path = RegisterScreen.swift; sourceTree = "<group>"; };
		CF66D71528A58C9B008F0F7E /* TopNewsFeedVC.swift */ = {isa = PBXFileReference; lastKnownFileType = sourcecode.swift; path = TopNewsFeedVC.swift; sourceTree = "<group>"; };
		CF66D71828A58D2C008F0F7E /* Cell.xib */ = {isa = PBXFileReference; lastKnownFileType = file.xib; path = Cell.xib; sourceTree = "<group>"; };
		CF66D71A28A59074008F0F7E /* CellTableViewCell.swift */ = {isa = PBXFileReference; lastKnownFileType = sourcecode.swift; path = CellTableViewCell.swift; sourceTree = "<group>"; };
/* End PBXFileReference section */

/* Begin PBXFrameworksBuildPhase section */
		CF02EC7828A043EF00B9BB94 /* Frameworks */ = {
			isa = PBXFrameworksBuildPhase;
			buildActionMask = 2147483647;
			files = (
				18F681DA28A9431400E15E67 /* FirebaseAnalytics in Frameworks */,
				18F681DC28A9431400E15E67 /* FirebaseAuth in Frameworks */,
			);
			runOnlyForDeploymentPostprocessing = 0;
		};
/* End PBXFrameworksBuildPhase section */

/* Begin PBXGroup section */
		CF02EC7228A043EF00B9BB94 = {
			isa = PBXGroup;
			children = (
				CF02EC7D28A043EF00B9BB94 /* ProjectPart-2 */,
				CF02EC7C28A043EF00B9BB94 /* Products */,
			);
			sourceTree = "<group>";
		};
		CF02EC7C28A043EF00B9BB94 /* Products */ = {
			isa = PBXGroup;
			children = (
				CF02EC7B28A043EF00B9BB94 /* ProjectPart-2.app */,
			);
			name = Products;
			sourceTree = "<group>";
		};
		CF02EC7D28A043EF00B9BB94 /* ProjectPart-2 */ = {
			isa = PBXGroup;
			children = (
				CF66D71728A58CFF008F0F7E /* cell */,
				CF02EC7E28A043EF00B9BB94 /* AppDelegate.swift */,
				CF02EC8028A043EF00B9BB94 /* SceneDelegate.swift */,
				CF02EC8728A043F000B9BB94 /* Assets.xcassets */,
				CF02EC8928A043F000B9BB94 /* LaunchScreen.storyboard */,
				CF02EC8C28A043F000B9BB94 /* Info.plist */,
				CF02EC8428A043EF00B9BB94 /* Main.storyboard */,
				18F681E128A9625A00E15E67 /* LoginVC.swift */,
				CF33D3C828A5CC26003B3287 /* RegisterScreen.swift */,
				CF66D71528A58C9B008F0F7E /* TopNewsFeedVC.swift */,
				1810BC2A28A760FD00AF1221 /* NewsDescriptionVC.swift */,
				CF66D71A28A59074008F0F7E /* CellTableViewCell.swift */,
				18289EDA28A6B33B005DE0F0 /* NewsModel.swift */,
				18F681D628A9424C00E15E67 /* GoogleService-Info.plist */,
				18F681E328A99F0100E15E67 /* ProfileScreenVC.swift */,
			);
			path = "ProjectPart-2";
			sourceTree = "<group>";
		};
		CF66D71728A58CFF008F0F7E /* cell */ = {
			isa = PBXGroup;
			children = (
				CF66D71828A58D2C008F0F7E /* Cell.xib */,
			);
			path = cell;
			sourceTree = "<group>";
		};
/* End PBXGroup section */

/* Begin PBXNativeTarget section */
		CF02EC7A28A043EF00B9BB94 /* ProjectPart-2 */ = {
			isa = PBXNativeTarget;
			buildConfigurationList = CF02EC8F28A043F000B9BB94 /* Build configuration list for PBXNativeTarget "ProjectPart-2" */;
			buildPhases = (
				CF02EC7728A043EF00B9BB94 /* Sources */,
				CF02EC7828A043EF00B9BB94 /* Frameworks */,
				CF02EC7928A043EF00B9BB94 /* Resources */,
			);
			buildRules = (
			);
			dependencies = (
			);
			name = "ProjectPart-2";
			packageProductDependencies = (
				18F681D928A9431400E15E67 /* FirebaseAnalytics */,
				18F681DB28A9431400E15E67 /* FirebaseAuth */,
			);
			productName = "ProjectPart-2";
			productReference = CF02EC7B28A043EF00B9BB94 /* ProjectPart-2.app */;
			productType = "com.apple.product-type.application";
		};
/* End PBXNativeTarget section */

/* Begin PBXProject section */
		CF02EC7328A043EF00B9BB94 /* Project object */ = {
			isa = PBXProject;
			attributes = {
				BuildIndependentTargetsInParallel = 1;
				LastSwiftUpdateCheck = 1330;
				LastUpgradeCheck = 1330;
				TargetAttributes = {
					CF02EC7A28A043EF00B9BB94 = {
						CreatedOnToolsVersion = 13.3.1;
					};
				};
			};
			buildConfigurationList = CF02EC7628A043EF00B9BB94 /* Build configuration list for PBXProject "ProjectPart-2" */;
			compatibilityVersion = "Xcode 13.0";
			developmentRegion = en;
			hasScannedForEncodings = 0;
			knownRegions = (
				en,
				Base,
			);
			mainGroup = CF02EC7228A043EF00B9BB94;
			packageReferences = (
				18F681D828A9431400E15E67 /* XCRemoteSwiftPackageReference "firebase-ios-sdk" */,
			);
			productRefGroup = CF02EC7C28A043EF00B9BB94 /* Products */;
			projectDirPath = "";
			projectRoot = "";
			targets = (
				CF02EC7A28A043EF00B9BB94 /* ProjectPart-2 */,
			);
		};
/* End PBXProject section */

/* Begin PBXResourcesBuildPhase section */
		CF02EC7928A043EF00B9BB94 /* Resources */ = {
			isa = PBXResourcesBuildPhase;
			buildActionMask = 2147483647;
			files = (
				CF02EC8B28A043F000B9BB94 /* LaunchScreen.storyboard in Resources */,
				CF66D71928A58D2C008F0F7E /* Cell.xib in Resources */,
				18F681D728A9424C00E15E67 /* GoogleService-Info.plist in Resources */,
				CF02EC8828A043F000B9BB94 /* Assets.xcassets in Resources */,
				CF02EC8628A043EF00B9BB94 /* Main.storyboard in Resources */,
			);
			runOnlyForDeploymentPostprocessing = 0;
		};
/* End PBXResourcesBuildPhase section */

/* Begin PBXSourcesBuildPhase section */
		CF02EC7728A043EF00B9BB94 /* Sources */ = {
			isa = PBXSourcesBuildPhase;
			buildActionMask = 2147483647;
			files = (
				18289EDB28A6B33B005DE0F0 /* NewsModel.swift in Sources */,
				CF33D3C928A5CC26003B3287 /* RegisterScreen.swift in Sources */,
				18F681E228A9625A00E15E67 /* LoginVC.swift in Sources */,
				CF66D71B28A59074008F0F7E /* CellTableViewCell.swift in Sources */,
				CF02EC7F28A043EF00B9BB94 /* AppDelegate.swift in Sources */,
				1810BC2B28A760FD00AF1221 /* NewsDescriptionVC.swift in Sources */,
				CF02EC8128A043EF00B9BB94 /* SceneDelegate.swift in Sources */,
				18F681E428A99F0100E15E67 /* ProfileScreenVC.swift in Sources */,
				CF66D71628A58C9B008F0F7E /* TopNewsFeedVC.swift in Sources */,
			);
			runOnlyForDeploymentPostprocessing = 0;
		};
/* End PBXSourcesBuildPhase section */

/* Begin PBXVariantGroup section */
		CF02EC8428A043EF00B9BB94 /* Main.storyboard */ = {
			isa = PBXVariantGroup;
			children = (
				CF02EC8528A043EF00B9BB94 /* Base */,
			);
			name = Main.storyboard;
			sourceTree = "<group>";
		};
		CF02EC8928A043F000B9BB94 /* LaunchScreen.storyboard */ = {
			isa = PBXVariantGroup;
			children = (
				CF02EC8A28A043F000B9BB94 /* Base */,
			);
			name = LaunchScreen.storyboard;
			sourceTree = "<group>";
		};
/* End PBXVariantGroup section */

/* Begin XCBuildConfiguration section */
		CF02EC8D28A043F000B9BB94 /* Debug */ = {
			isa = XCBuildConfiguration;
			buildSettings = {
				ALWAYS_SEARCH_USER_PATHS = NO;
				CLANG_ANALYZER_NONNULL = YES;
				CLANG_ANALYZER_NUMBER_OBJECT_CONVERSION = YES_AGGRESSIVE;
				CLANG_CXX_LANGUAGE_STANDARD = "gnu++17";
				CLANG_ENABLE_MODULES = YES;
				CLANG_ENABLE_OBJC_ARC = YES;
				CLANG_ENABLE_OBJC_WEAK = YES;
				CLANG_WARN_BLOCK_CAPTURE_AUTORELEASING = YES;
				CLANG_WARN_BOOL_CONVERSION = YES;
				CLANG_WARN_COMMA = YES;
				CLANG_WARN_CONSTANT_CONVERSION = YES;
				CLANG_WARN_DEPRECATED_OBJC_IMPLEMENTATIONS = YES;
				CLANG_WARN_DIRECT_OBJC_ISA_USAGE = YES_ERROR;
				CLANG_WARN_DOCUMENTATION_COMMENTS = YES;
				CLANG_WARN_EMPTY_BODY = YES;
				CLANG_WARN_ENUM_CONVERSION = YES;
				CLANG_WARN_INFINITE_RECURSION = YES;
				CLANG_WARN_INT_CONVERSION = YES;
				CLANG_WARN_NON_LITERAL_NULL_CONVERSION = YES;
				CLANG_WARN_OBJC_IMPLICIT_RETAIN_SELF = YES;
				CLANG_WARN_OBJC_LITERAL_CONVERSION = YES;
				CLANG_WARN_OBJC_ROOT_CLASS = YES_ERROR;
				CLANG_WARN_QUOTED_INCLUDE_IN_FRAMEWORK_HEADER = YES;
				CLANG_WARN_RANGE_LOOP_ANALYSIS = YES;
				CLANG_WARN_STRICT_PROTOTYPES = YES;
				CLANG_WARN_SUSPICIOUS_MOVE = YES;
				CLANG_WARN_UNGUARDED_AVAILABILITY = YES_AGGRESSIVE;
				CLANG_WARN_UNREACHABLE_CODE = YES;
				CLANG_WARN__DUPLICATE_METHOD_MATCH = YES;
				COPY_PHASE_STRIP = NO;
				DEBUG_INFORMATION_FORMAT = dwarf;
				ENABLE_STRICT_OBJC_MSGSEND = YES;
				ENABLE_TESTABILITY = YES;
				GCC_C_LANGUAGE_STANDARD = gnu11;
				GCC_DYNAMIC_NO_PIC = NO;
				GCC_NO_COMMON_BLOCKS = YES;
				GCC_OPTIMIZATION_LEVEL = 0;
				GCC_PREPROCESSOR_DEFINITIONS = (
					"DEBUG=1",
					"$(inherited)",
				);
				GCC_WARN_64_TO_32_BIT_CONVERSION = YES;
				GCC_WARN_ABOUT_RETURN_TYPE = YES_ERROR;
				GCC_WARN_UNDECLARED_SELECTOR = YES;
				GCC_WARN_UNINITIALIZED_AUTOS = YES_AGGRESSIVE;
				GCC_WARN_UNUSED_FUNCTION = YES;
				GCC_WARN_UNUSED_VARIABLE = YES;
				IPHONEOS_DEPLOYMENT_TARGET = 15.4;
				MTL_ENABLE_DEBUG_INFO = INCLUDE_SOURCE;
				MTL_FAST_MATH = YES;
				ONLY_ACTIVE_ARCH = YES;
				SDKROOT = iphoneos;
				SWIFT_ACTIVE_COMPILATION_CONDITIONS = DEBUG;
				SWIFT_OPTIMIZATION_LEVEL = "-Onone";
			};
			name = Debug;
		};
		CF02EC8E28A043F000B9BB94 /* Release */ = {
			isa = XCBuildConfiguration;
			buildSettings = {
				ALWAYS_SEARCH_USER_PATHS = NO;
				CLANG_ANALYZER_NONNULL = YES;
				CLANG_ANALYZER_NUMBER_OBJECT_CONVERSION = YES_AGGRESSIVE;
				CLANG_CXX_LANGUAGE_STANDARD = "gnu++17";
				CLANG_ENABLE_MODULES = YES;
				CLANG_ENABLE_OBJC_ARC = YES;
				CLANG_ENABLE_OBJC_WEAK = YES;
				CLANG_WARN_BLOCK_CAPTURE_AUTORELEASING = YES;
				CLANG_WARN_BOOL_CONVERSION = YES;
				CLANG_WARN_COMMA = YES;
				CLANG_WARN_CONSTANT_CONVERSION = YES;
				CLANG_WARN_DEPRECATED_OBJC_IMPLEMENTATIONS = YES;
				CLANG_WARN_DIRECT_OBJC_ISA_USAGE = YES_ERROR;
				CLANG_WARN_DOCUMENTATION_COMMENTS = YES;
				CLANG_WARN_EMPTY_BODY = YES;
				CLANG_WARN_ENUM_CONVERSION = YES;
				CLANG_WARN_INFINITE_RECURSION = YES;
				CLANG_WARN_INT_CONVERSION = YES;
				CLANG_WARN_NON_LITERAL_NULL_CONVERSION = YES;
				CLANG_WARN_OBJC_IMPLICIT_RETAIN_SELF = YES;
				CLANG_WARN_OBJC_LITERAL_CONVERSION = YES;
				CLANG_WARN_OBJC_ROOT_CLASS = YES_ERROR;
				CLANG_WARN_QUOTED_INCLUDE_IN_FRAMEWORK_HEADER = YES;
				CLANG_WARN_RANGE_LOOP_ANALYSIS = YES;
				CLANG_WARN_STRICT_PROTOTYPES = YES;
				CLANG_WARN_SUSPICIOUS_MOVE = YES;
				CLANG_WARN_UNGUARDED_AVAILABILITY = YES_AGGRESSIVE;
				CLANG_WARN_UNREACHABLE_CODE = YES;
				CLANG_WARN__DUPLICATE_METHOD_MATCH = YES;
				COPY_PHASE_STRIP = NO;
				DEBUG_INFORMATION_FORMAT = "dwarf-with-dsym";
				ENABLE_NS_ASSERTIONS = NO;
				ENABLE_STRICT_OBJC_MSGSEND = YES;
				GCC_C_LANGUAGE_STANDARD = gnu11;
				GCC_NO_COMMON_BLOCKS = YES;
				GCC_WARN_64_TO_32_BIT_CONVERSION = YES;
				GCC_WARN_ABOUT_RETURN_TYPE = YES_ERROR;
				GCC_WARN_UNDECLARED_SELECTOR = YES;
				GCC_WARN_UNINITIALIZED_AUTOS = YES_AGGRESSIVE;
				GCC_WARN_UNUSED_FUNCTION = YES;
				GCC_WARN_UNUSED_VARIABLE = YES;
				IPHONEOS_DEPLOYMENT_TARGET = 15.4;
				MTL_ENABLE_DEBUG_INFO = NO;
				MTL_FAST_MATH = YES;
				SDKROOT = iphoneos;
				SWIFT_COMPILATION_MODE = wholemodule;
				SWIFT_OPTIMIZATION_LEVEL = "-O";
				VALIDATE_PRODUCT = YES;
			};
			name = Release;
		};
		CF02EC9028A043F000B9BB94 /* Debug */ = {
			isa = XCBuildConfiguration;
			buildSettings = {
				ASSETCATALOG_COMPILER_APPICON_NAME = AppIcon;
				ASSETCATALOG_COMPILER_GLOBAL_ACCENT_COLOR_NAME = AccentColor;
				CODE_SIGN_STYLE = Automatic;
				CURRENT_PROJECT_VERSION = 1;
				DEVELOPMENT_TEAM = 62F63PUY3F;
				GENERATE_INFOPLIST_FILE = YES;
				INFOPLIST_FILE = "ProjectPart-2/Info.plist";
				INFOPLIST_KEY_UIApplicationSupportsIndirectInputEvents = YES;
				INFOPLIST_KEY_UILaunchStoryboardName = LaunchScreen;
				INFOPLIST_KEY_UIMainStoryboardFile = Main;
				INFOPLIST_KEY_UISupportedInterfaceOrientations_iPad = "UIInterfaceOrientationPortrait UIInterfaceOrientationPortraitUpsideDown UIInterfaceOrientationLandscapeLeft UIInterfaceOrientationLandscapeRight";
				INFOPLIST_KEY_UISupportedInterfaceOrientations_iPhone = "UIInterfaceOrientationPortrait UIInterfaceOrientationLandscapeLeft UIInterfaceOrientationLandscapeRight";
				LD_RUNPATH_SEARCH_PATHS = (
					"$(inherited)",
					"@executable_path/Frameworks",
				);
				MARKETING_VERSION = 1.0;
				PRODUCT_BUNDLE_IDENTIFIER = "com.example.meetmiyani.ProjectPart-2";
				PRODUCT_NAME = "$(TARGET_NAME)";
				SWIFT_EMIT_LOC_STRINGS = YES;
				SWIFT_VERSION = 5.0;
				TARGETED_DEVICE_FAMILY = "1,2";
			};
			name = Debug;
		};
		CF02EC9128A043F000B9BB94 /* Release */ = {
			isa = XCBuildConfiguration;
			buildSettings = {
				ASSETCATALOG_COMPILER_APPICON_NAME = AppIcon;
				ASSETCATALOG_COMPILER_GLOBAL_ACCENT_COLOR_NAME = AccentColor;
				CODE_SIGN_STYLE = Automatic;
				CURRENT_PROJECT_VERSION = 1;
				DEVELOPMENT_TEAM = 62F63PUY3F;
				GENERATE_INFOPLIST_FILE = YES;
				INFOPLIST_FILE = "ProjectPart-2/Info.plist";
				INFOPLIST_KEY_UIApplicationSupportsIndirectInputEvents = YES;
				INFOPLIST_KEY_UILaunchStoryboardName = LaunchScreen;
				INFOPLIST_KEY_UIMainStoryboardFile = Main;
				INFOPLIST_KEY_UISupportedInterfaceOrientations_iPad = "UIInterfaceOrientationPortrait UIInterfaceOrientationPortraitUpsideDown UIInterfaceOrientationLandscapeLeft UIInterfaceOrientationLandscapeRight";
				INFOPLIST_KEY_UISupportedInterfaceOrientations_iPhone = "UIInterfaceOrientationPortrait UIInterfaceOrientationLandscapeLeft UIInterfaceOrientationLandscapeRight";
				LD_RUNPATH_SEARCH_PATHS = (
					"$(inherited)",
					"@executable_path/Frameworks",
				);
				MARKETING_VERSION = 1.0;
				PRODUCT_BUNDLE_IDENTIFIER = "com.example.meetmiyani.ProjectPart-2";
				PRODUCT_NAME = "$(TARGET_NAME)";
				SWIFT_EMIT_LOC_STRINGS = YES;
				SWIFT_VERSION = 5.0;
				TARGETED_DEVICE_FAMILY = "1,2";
			};
			name = Release;
		};
/* End XCBuildConfiguration section */

/* Begin XCConfigurationList section */
		CF02EC7628A043EF00B9BB94 /* Build configuration list for PBXProject "ProjectPart-2" */ = {
			isa = XCConfigurationList;
			buildConfigurations = (
				CF02EC8D28A043F000B9BB94 /* Debug */,
				CF02EC8E28A043F000B9BB94 /* Release */,
			);
			defaultConfigurationIsVisible = 0;
			defaultConfigurationName = Release;
		};
		CF02EC8F28A043F000B9BB94 /* Build configuration list for PBXNativeTarget "ProjectPart-2" */ = {
			isa = XCConfigurationList;
			buildConfigurations = (
				CF02EC9028A043F000B9BB94 /* Debug */,
				CF02EC9128A043F000B9BB94 /* Release */,
			);
			defaultConfigurationIsVisible = 0;
			defaultConfigurationName = Release;
		};
/* End XCConfigurationList section */

/* Begin XCRemoteSwiftPackageReference section */
		18F681D828A9431400E15E67 /* XCRemoteSwiftPackageReference "firebase-ios-sdk" */ = {
			isa = XCRemoteSwiftPackageReference;
			repositoryURL = "https://github.com/firebase/firebase-ios-sdk";
			requirement = {
				branch = master;
				kind = branch;
			};
		};
/* End XCRemoteSwiftPackageReference section */

/* Begin XCSwiftPackageProductDependency section */
		18F681D928A9431400E15E67 /* FirebaseAnalytics */ = {
			isa = XCSwiftPackageProductDependency;
			package = 18F681D828A9431400E15E67 /* XCRemoteSwiftPackageReference "firebase-ios-sdk" */;
			productName = FirebaseAnalytics;
		};
		18F681DB28A9431400E15E67 /* FirebaseAuth */ = {
			isa = XCSwiftPackageProductDependency;
			package = 18F681D828A9431400E15E67 /* XCRemoteSwiftPackageReference "firebase-ios-sdk" */;
			productName = FirebaseAuth;
		};
/* End XCSwiftPackageProductDependency section */
	};
	rootObject = CF02EC7328A043EF00B9BB94 /* Project object */;
}
